
Microsoft Visual Studio Solution File, Format Version 12.00
# Visual Studio 15
VisualStudioVersion = 15.0.26228.12
MinimumVisualStudioVersion = 10.0.40219.1
Project("{FAE04EC0-301F-11D3-BF4B-00C04F79EFBC}") = "DOKuStar.Modules.SPO.Writer", "DOKuStar.Modules.SPO.Writer\DOKuStar.Modules.SPO.Writer.csproj", "{184CC4E6-93DE-47F3-B21D-86AB310AB169}"
EndProject
Project("{FAE04EC0-301F-11D3-BF4B-00C04F79EFBC}") = "CaptureCenter.SPO.Adapter", "CaptureCenter.SPO.Adapter\CaptureCenter.SPO.Adapter.csproj", "{DAD9FF7E-A2ED-4B94-94C6-7C45DB3ABD4D}"
EndProject
Project("{2150E333-8FDC-42A3-9474-1A3956D46DE8}") = "Solution Items", "Solution Items", "{F7307D60-4A4A-4BB3-A0B6-64C7CC0D4CD1}"
	ProjectSection(SolutionItems) = preProject
		How to use the SharePoint Online coneector.docx = How to use the SharePoint Online coneector.docx
		ToDo.txt = ToDo.txt
	EndProjectSection
EndProject
Project("{FAE04EC0-301F-11D3-BF4B-00C04F79EFBC}") = "SPOClient", "SPOClient\SPOClient.csproj", "{1408BE79-ADF9-4767-A497-6338124847A3}"
EndProject
Project("{FAE04EC0-301F-11D3-BF4B-00C04F79EFBC}") = "TestSPOClient", "TestSPOClient\TestSPOClient.csproj", "{C7FC4028-87B1-4EAE-A3ED-D8EB5C6FB504}"
EndProject
Project("{FAE04EC0-301F-11D3-BF4B-00C04F79EFBC}") = "TestSPOAdapter", "TestSPOAdapter\TestSPOAdapter.csproj", "{FF9888C3-2CBD-4650-8B4C-9B8A98E4C1CF}"
EndProject
Global
	GlobalSection(SolutionConfigurationPlatforms) = preSolution
		Debug|Any CPU = Debug|Any CPU
		Debug|ARM = Debug|ARM
		Debug|x64 = Debug|x64
		Debug|x86 = Debug|x86
		Release|Any CPU = Release|Any CPU
		Release|ARM = Release|ARM
		Release|x64 = Release|x64
		Release|x86 = Release|x86
	EndGlobalSection
	GlobalSection(ProjectConfigurationPlatforms) = postSolution
		{184CC4E6-93DE-47F3-B21D-86AB310AB169}.Debug|Any CPU.ActiveCfg = Debug|Any CPU
		{184CC4E6-93DE-47F3-B21D-86AB310AB169}.Debug|Any CPU.Build.0 = Debug|Any CPU
		{184CC4E6-93DE-47F3-B21D-86AB310AB169}.Debug|ARM.ActiveCfg = Debug|Any CPU
		{184CC4E6-93DE-47F3-B21D-86AB310AB169}.Debug|ARM.Build.0 = Debug|Any CPU
		{184CC4E6-93DE-47F3-B21D-86AB310AB169}.Debug|x64.ActiveCfg = Debug|Any CPU
		{184CC4E6-93DE-47F3-B21D-86AB310AB169}.Debug|x64.Build.0 = Debug|Any CPU
		{184CC4E6-93DE-47F3-B21D-86AB310AB169}.Debug|x86.ActiveCfg = Debug|Any CPU
		{184CC4E6-93DE-47F3-B21D-86AB310AB169}.Debug|x86.Build.0 = Debug|Any CPU
		{184CC4E6-93DE-47F3-B21D-86AB310AB169}.Release|Any CPU.ActiveCfg = Release|Any CPU
		{184CC4E6-93DE-47F3-B21D-86AB310AB169}.Release|Any CPU.Build.0 = Release|Any CPU
		{184CC4E6-93DE-47F3-B21D-86AB310AB169}.Release|ARM.ActiveCfg = Release|Any CPU
		{184CC4E6-93DE-47F3-B21D-86AB310AB169}.Release|ARM.Build.0 = Release|Any CPU
		{184CC4E6-93DE-47F3-B21D-86AB310AB169}.Release|x64.ActiveCfg = Release|Any CPU
		{184CC4E6-93DE-47F3-B21D-86AB310AB169}.Release|x64.Build.0 = Release|Any CPU
		{184CC4E6-93DE-47F3-B21D-86AB310AB169}.Release|x86.ActiveCfg = Release|Any CPU
		{184CC4E6-93DE-47F3-B21D-86AB310AB169}.Release|x86.Build.0 = Release|Any CPU
		{DAD9FF7E-A2ED-4B94-94C6-7C45DB3ABD4D}.Debug|Any CPU.ActiveCfg = Debug|Any CPU
		{DAD9FF7E-A2ED-4B94-94C6-7C45DB3ABD4D}.Debug|Any CPU.Build.0 = Debug|Any CPU
		{DAD9FF7E-A2ED-4B94-94C6-7C45DB3ABD4D}.Debug|ARM.ActiveCfg = Debug|Any CPU
		{DAD9FF7E-A2ED-4B94-94C6-7C45DB3ABD4D}.Debug|ARM.Build.0 = Debug|Any CPU
		{DAD9FF7E-A2ED-4B94-94C6-7C45DB3ABD4D}.Debug|x64.ActiveCfg = Debug|Any CPU
		{DAD9FF7E-A2ED-4B94-94C6-7C45DB3ABD4D}.Debug|x64.Build.0 = Debug|Any CPU
		{DAD9FF7E-A2ED-4B94-94C6-7C45DB3ABD4D}.Debug|x86.ActiveCfg = Debug|Any CPU
		{DAD9FF7E-A2ED-4B94-94C6-7C45DB3ABD4D}.Debug|x86.Build.0 = Debug|Any CPU
		{DAD9FF7E-A2ED-4B94-94C6-7C45DB3ABD4D}.Release|Any CPU.ActiveCfg = Release|Any CPU
		{DAD9FF7E-A2ED-4B94-94C6-7C45DB3ABD4D}.Release|Any CPU.Build.0 = Release|Any CPU
		{DAD9FF7E-A2ED-4B94-94C6-7C45DB3ABD4D}.Release|ARM.ActiveCfg = Release|Any CPU
		{DAD9FF7E-A2ED-4B94-94C6-7C45DB3ABD4D}.Release|ARM.Build.0 = Release|Any CPU
		{DAD9FF7E-A2ED-4B94-94C6-7C45DB3ABD4D}.Release|x64.ActiveCfg = Release|Any CPU
		{DAD9FF7E-A2ED-4B94-94C6-7C45DB3ABD4D}.Release|x64.Build.0 = Release|Any CPU
		{DAD9FF7E-A2ED-4B94-94C6-7C45DB3ABD4D}.Release|x86.ActiveCfg = Release|Any CPU
		{DAD9FF7E-A2ED-4B94-94C6-7C45DB3ABD4D}.Release|x86.Build.0 = Release|Any CPU
		{1408BE79-ADF9-4767-A497-6338124847A3}.Debug|Any CPU.ActiveCfg = Debug|Any CPU
		{1408BE79-ADF9-4767-A497-6338124847A3}.Debug|Any CPU.Build.0 = Debug|Any CPU
		{1408BE79-ADF9-4767-A497-6338124847A3}.Debug|ARM.ActiveCfg = Debug|Any CPU
		{1408BE79-ADF9-4767-A497-6338124847A3}.Debug|ARM.Build.0 = Debug|Any CPU
		{1408BE79-ADF9-4767-A497-6338124847A3}.Debug|x64.ActiveCfg = Debug|Any CPU
		{1408BE79-ADF9-4767-A497-6338124847A3}.Debug|x64.Build.0 = Debug|Any CPU
		{1408BE79-ADF9-4767-A497-6338124847A3}.Debug|x86.ActiveCfg = Debug|Any CPU
		{1408BE79-ADF9-4767-A497-6338124847A3}.Debug|x86.Build.0 = Debug|Any CPU
		{1408BE79-ADF9-4767-A497-6338124847A3}.Release|Any CPU.ActiveCfg = Release|Any CPU
		{1408BE79-ADF9-4767-A497-6338124847A3}.Release|Any CPU.Build.0 = Release|Any CPU
		{1408BE79-ADF9-4767-A497-6338124847A3}.Release|ARM.ActiveCfg = Release|Any CPU
		{1408BE79-ADF9-4767-A497-6338124847A3}.Release|ARM.Build.0 = Release|Any CPU
		{1408BE79-ADF9-4767-A497-6338124847A3}.Release|x64.ActiveCfg = Release|Any CPU
		{1408BE79-ADF9-4767-A497-6338124847A3}.Release|x64.Build.0 = Release|Any CPU
		{1408BE79-ADF9-4767-A497-6338124847A3}.Release|x86.ActiveCfg = Release|Any CPU
		{1408BE79-ADF9-4767-A497-6338124847A3}.Release|x86.Build.0 = Release|Any CPU
		{C7FC4028-87B1-4EAE-A3ED-D8EB5C6FB504}.Debug|Any CPU.ActiveCfg = Debug|Any CPU
		{C7FC4028-87B1-4EAE-A3ED-D8EB5C6FB504}.Debug|Any CPU.Build.0 = Debug|Any CPU
		{C7FC4028-87B1-4EAE-A3ED-D8EB5C6FB504}.Debug|ARM.ActiveCfg = Debug|Any CPU
		{C7FC4028-87B1-4EAE-A3ED-D8EB5C6FB504}.Debug|ARM.Build.0 = Debug|Any CPU
		{C7FC4028-87B1-4EAE-A3ED-D8EB5C6FB504}.Debug|x64.ActiveCfg = Debug|Any CPU
		{C7FC4028-87B1-4EAE-A3ED-D8EB5C6FB504}.Debug|x64.Build.0 = Debug|Any CPU
		{C7FC4028-87B1-4EAE-A3ED-D8EB5C6FB504}.Debug|x86.ActiveCfg = Debug|Any CPU
		{C7FC4028-87B1-4EAE-A3ED-D8EB5C6FB504}.Debug|x86.Build.0 = Debug|Any CPU
		{C7FC4028-87B1-4EAE-A3ED-D8EB5C6FB504}.Release|Any CPU.ActiveCfg = Release|Any CPU
		{C7FC4028-87B1-4EAE-A3ED-D8EB5C6FB504}.Release|Any CPU.Build.0 = Release|Any CPU
		{C7FC4028-87B1-4EAE-A3ED-D8EB5C6FB504}.Release|ARM.ActiveCfg = Release|Any CPU
		{C7FC4028-87B1-4EAE-A3ED-D8EB5C6FB504}.Release|ARM.Build.0 = Release|Any CPU
		{C7FC4028-87B1-4EAE-A3ED-D8EB5C6FB504}.Release|x64.ActiveCfg = Release|Any CPU
		{C7FC4028-87B1-4EAE-A3ED-D8EB5C6FB504}.Release|x64.Build.0 = Release|Any CPU
		{C7FC4028-87B1-4EAE-A3ED-D8EB5C6FB504}.Release|x86.ActiveCfg = Release|Any CPU
		{C7FC4028-87B1-4EAE-A3ED-D8EB5C6FB504}.Release|x86.Build.0 = Release|Any CPU
		{FF9888C3-2CBD-4650-8B4C-9B8A98E4C1CF}.Debug|Any CPU.ActiveCfg = Debug|Any CPU
		{FF9888C3-2CBD-4650-8B4C-9B8A98E4C1CF}.Debug|Any CPU.Build.0 = Debug|Any CPU
		{FF9888C3-2CBD-4650-8B4C-9B8A98E4C1CF}.Debug|ARM.ActiveCfg = Debug|Any CPU
		{FF9888C3-2CBD-4650-8B4C-9B8A98E4C1CF}.Debug|ARM.Build.0 = Debug|Any CPU
		{FF9888C3-2CBD-4650-8B4C-9B8A98E4C1CF}.Debug|x64.ActiveCfg = Debug|Any CPU
		{FF9888C3-2CBD-4650-8B4C-9B8A98E4C1CF}.Debug|x64.Build.0 = Debug|Any CPU
		{FF9888C3-2CBD-4650-8B4C-9B8A98E4C1CF}.Debug|x86.ActiveCfg = Debug|Any CPU
		{FF9888C3-2CBD-4650-8B4C-9B8A98E4C1CF}.Debug|x86.Build.0 = Debug|Any CPU
		{FF9888C3-2CBD-4650-8B4C-9B8A98E4C1CF}.Release|Any CPU.ActiveCfg = Release|Any CPU
		{FF9888C3-2CBD-4650-8B4C-9B8A98E4C1CF}.Release|Any CPU.Build.0 = Release|Any CPU
		{FF9888C3-2CBD-4650-8B4C-9B8A98E4C1CF}.Release|ARM.ActiveCfg = Release|Any CPU
		{FF9888C3-2CBD-4650-8B4C-9B8A98E4C1CF}.Release|ARM.Build.0 = Release|Any CPU
		{FF9888C3-2CBD-4650-8B4C-9B8A98E4C1CF}.Release|x64.ActiveCfg = Release|Any CPU
		{FF9888C3-2CBD-4650-8B4C-9B8A98E4C1CF}.Release|x64.Build.0 = Release|Any CPU
		{FF9888C3-2CBD-4650-8B4C-9B8A98E4C1CF}.Release|x86.ActiveCfg = Release|Any CPU
		{FF9888C3-2CBD-4650-8B4C-9B8A98E4C1CF}.Release|x86.Build.0 = Release|Any CPU
	EndGlobalSection
	GlobalSection(SolutionProperties) = preSolution
		HideSolutionNode = FALSE
	EndGlobalSection
EndGlobal
